
Microsoft Visual Studio Solution File, Format Version 12.00
# Visual Studio Version 17
VisualStudioVersion = 17.1.32228.430
MinimumVisualStudioVersion = 10.0.40219.1
Project("{9A19103F-16F7-4668-BE54-9A1E7A4F7556}") = "RingSignature", "src\RingSignature\RingSignature.csproj", "{021B29A3-4413-4685-AFDE-5C4E05551810}"
EndProject
Project("{2150E333-8FDC-42A3-9474-1A3956D46DE8}") = "Tests", "Tests", "{087B5DB3-BE01-4DAC-B8A6-FE5A9005CEF8}"
EndProject
Project("{9A19103F-16F7-4668-BE54-9A1E7A4F7556}") = "RingSignature.Benchmarks", "test\RingSignature.Benchmarks\RingSignature.Benchmarks.csproj", "{66BE83E7-3938-45C0-83E6-180DE8BB1923}"
EndProject
Project("{9A19103F-16F7-4668-BE54-9A1E7A4F7556}") = "RingSignature.Tests", "test\RingSignature.Tests\RingSignature.Tests.csproj", "{A89CE5D5-7C82-4E3A-8DBB-927E3FA4866C}"
EndProject
Project("{2150E333-8FDC-42A3-9474-1A3956D46DE8}") = "Solution Items", "Solution Items", "{2AE78869-F1E1-449E-AF4D-3C170993F924}"
	ProjectSection(SolutionItems) = preProject
		.gitignore = .gitignore
	EndProjectSection
EndProject
Global
	GlobalSection(SolutionConfigurationPlatforms) = preSolution
		Debug|Any CPU = Debug|Any CPU
		Release|Any CPU = Release|Any CPU
	EndGlobalSection
	GlobalSection(ProjectConfigurationPlatforms) = postSolution
		{021B29A3-4413-4685-AFDE-5C4E05551810}.Debug|Any CPU.ActiveCfg = Debug|Any CPU
		{021B29A3-4413-4685-AFDE-5C4E05551810}.Debug|Any CPU.Build.0 = Debug|Any CPU
		{021B29A3-4413-4685-AFDE-5C4E05551810}.Release|Any CPU.ActiveCfg = Release|Any CPU
		{021B29A3-4413-4685-AFDE-5C4E05551810}.Release|Any CPU.Build.0 = Release|Any CPU
		{66BE83E7-3938-45C0-83E6-180DE8BB1923}.Debug|Any CPU.ActiveCfg = Debug|Any CPU
		{66BE83E7-3938-45C0-83E6-180DE8BB1923}.Debug|Any CPU.Build.0 = Debug|Any CPU
		{66BE83E7-3938-45C0-83E6-180DE8BB1923}.Release|Any CPU.ActiveCfg = Release|Any CPU
		{66BE83E7-3938-45C0-83E6-180DE8BB1923}.Release|Any CPU.Build.0 = Release|Any CPU
		{A89CE5D5-7C82-4E3A-8DBB-927E3FA4866C}.Debug|Any CPU.ActiveCfg = Debug|Any CPU
		{A89CE5D5-7C82-4E3A-8DBB-927E3FA4866C}.Debug|Any CPU.Build.0 = Debug|Any CPU
		{A89CE5D5-7C82-4E3A-8DBB-927E3FA4866C}.Release|Any CPU.ActiveCfg = Release|Any CPU
		{A89CE5D5-7C82-4E3A-8DBB-927E3FA4866C}.Release|Any CPU.Build.0 = Release|Any CPU
	EndGlobalSection
	GlobalSection(SolutionProperties) = preSolution
		HideSolutionNode = FALSE
	EndGlobalSection
	GlobalSection(NestedProjects) = preSolution
		{66BE83E7-3938-45C0-83E6-180DE8BB1923} = {087B5DB3-BE01-4DAC-B8A6-FE5A9005CEF8}
		{A89CE5D5-7C82-4E3A-8DBB-927E3FA4866C} = {087B5DB3-BE01-4DAC-B8A6-FE5A9005CEF8}
	EndGlobalSection
	GlobalSection(ExtensibilityGlobals) = postSolution
		SolutionGuid = {3B51C3E2-3060-4C07-9D18-852AC51FE380}
	EndGlobalSection
EndGlobal
